
Microsoft Visual Studio Solution File, Format Version 12.00
# Visual Studio Version 17
VisualStudioVersion = 17.6.33829.357
MinimumVisualStudioVersion = 10.0.40219.1
Project("{9A19103F-16F7-4668-BE54-9A1E7A4F7556}") = "ADSB", "ADSB\ADSB.csproj", "{049801AD-D0ED-47D3-9CB8-65AAD6CC28F2}"
EndProject
Project("{9A19103F-16F7-4668-BE54-9A1E7A4F7556}") = "Main", "Main\Main.csproj", "{9E64E1D9-C39D-40E3-9553-A168FA15103A}"
EndProject
Global
	GlobalSection(SolutionConfigurationPlatforms) = preSolution
		Debug|Any CPU = Debug|Any CPU
		Release|Any CPU = Release|Any CPU
	EndGlobalSection
	GlobalSection(ProjectConfigurationPlatforms) = postSolution
		{049801AD-D0ED-47D3-9CB8-65AAD6CC28F2}.Debug|Any CPU.ActiveCfg = Debug|Any CPU
		{049801AD-D0ED-47D3-9CB8-65AAD6CC28F2}.Debug|Any CPU.Build.0 = Debug|Any CPU
		{049801AD-D0ED-47D3-9CB8-65AAD6CC28F2}.Release|Any CPU.ActiveCfg = Release|Any CPU
		{049801AD-D0ED-47D3-9CB8-65AAD6CC28F2}.Release|Any CPU.Build.0 = Release|Any CPU
		{9E64E1D9-C39D-40E3-9553-A168FA15103A}.Debug|Any CPU.ActiveCfg = Debug|Any CPU
		{9E64E1D9-C39D-40E3-9553-A168FA15103A}.Debug|Any CPU.Build.0 = Debug|Any CPU
		{9E64E1D9-C39D-40E3-9553-A168FA15103A}.Release|Any CPU.ActiveCfg = Release|Any CPU
		{9E64E1D9-C39D-40E3-9553-A168FA15103A}.Release|Any CPU.Build.0 = Release|Any CPU
	EndGlobalSection
	GlobalSection(SolutionProperties) = preSolution
		HideSolutionNode = FALSE
	EndGlobalSection
	GlobalSection(ExtensibilityGlobals) = postSolution
		SolutionGuid = {B012556D-BC99-4436-B3D4-0990383369B1}
	EndGlobalSection
EndGlobal
